codeberg.org/puregotk/purego v0.0.0-20260224095105-2513c838cb80 h1:y5ZxMLLOjl4xc2tBl02olxZQ06xbbKiR+2ipBfDrVcs=
codeberg.org/puregotk/purego v0.0.0-20260224095105-2513c838cb80/go.mod h1:hVVM4ddvYRlc3IcK3CXJPlMwd/vaLj7gdDBZ6oPgT8w=
codeberg.org/puregotk/puregotk v0.0.0-20260512093256-2a5b38c3a1c6 h1:PzeVJOp//vLIyGJunyU4hT+xjiouvoFa7cseoc6U6OA=
codeberg.org/puregotk/puregotk v0.0.0-20260512093256-2a5b38c3a1c6/go.mod h1:KDQjaDscQiL2OiLWuBFBF4l/x/1DW+M0lPcQTa0Id0o=
